{
  "name": "backend",
  "lockfileVersion": 3,
  "requires": true,
  "packages": {
    "": {
      "dependencies": {
        "live-agents-backend": "file:.."
      }
    },
    "..": {
      "name": "live-agents-backend",
      "version": "0.1.0",
      "dependencies": {
        "dotenv": "^16.6.1",
        "ws": "^8.18.3"
      },
      "devDependencies": {
        "@types/node": "^24.5.2",
        "@types/ws": "^8.18.1",
        "tsx": "^4.20.5",
        "typescript": "^5.9.2"
      }
    },
    "node_modules/live-agents-backend": {
      "resolved": "..",
      "link": true
    }
  }
}
